
Microsoft Visual Studio Solution File, Format Version 12.00
# Visual Studio Version 17
VisualStudioVersion = 17.7.34202.233
MinimumVisualStudioVersion = 10.0.40219.1
Project("{8BC9CEB8-8B4A-11D0-8D11-00A0C91BC942}") = "mt3_00_01", "mt3_00_01.vcxproj", "{966CEB01-A695-4D5F-9844-B39D34614382}"
EndProject
Global
	GlobalSection(SolutionConfigurationPlatforms) = preSolution
		Debug|x64 = Debug|x64
		Release|x64 = Release|x64
	EndGlobalSection
	GlobalSection(ProjectConfigurationPlatforms) = postSolution
		{966CEB01-A695-4D5F-9844-B39D34614382}.Debug|x64.ActiveCfg = Debug|x64
		{966CEB01-A695-4D5F-9844-B39D34614382}.Debug|x64.Build.0 = Debug|x64
		{966CEB01-A695-4D5F-9844-B39D34614382}.Release|x64.ActiveCfg = Release|x64
		{966CEB01-A695-4D5F-9844-B39D34614382}.Release|x64.Build.0 = Release|x64
	EndGlobalSection
	GlobalSection(SolutionProperties) = preSolution
		HideSolutionNode = FALSE
	EndGlobalSection
	GlobalSection(ExtensibilityGlobals) = postSolution
		SolutionGuid = {D0F502AC-F6E3-4F00-A77F-533DC70237E2}
	EndGlobalSection
EndGlobal
